
Microsoft Visual Studio Solution File, Format Version 12.00
# Visual Studio Version 16
VisualStudioVersion = 16.0.30503.244
MinimumVisualStudioVersion = 10.0.40219.1
Project("{FAE04EC0-301F-11D3-BF4B-00C04F79EFBC}") = "Store", "Store\Store.csproj", "{40633B8D-0908-4365-88BA-FE55A9932FE6}"
	ProjectSection(ProjectDependencies) = postProject
		{2BF7DC4C-50B8-4922-B0FA-631D2DFA970C} = {2BF7DC4C-50B8-4922-B0FA-631D2DFA970C}
		{C5600A86-6611-406D-906E-564ACA98E115} = {C5600A86-6611-406D-906E-564ACA98E115}
		{F1D4D4F5-F326-4D16-AE73-B12EDDA2536B} = {F1D4D4F5-F326-4D16-AE73-B12EDDA2536B}
	EndProjectSection
EndProject
Project("{FAE04EC0-301F-11D3-BF4B-00C04F79EFBC}") = "Store.Data", "Store.Data\Store.Data.csproj", "{C5600A86-6611-406D-906E-564ACA98E115}"
EndProject
Project("{FAE04EC0-301F-11D3-BF4B-00C04F79EFBC}") = "Store.Domain", "Store.Domain\Store.Domain.csproj", "{F1D4D4F5-F326-4D16-AE73-B12EDDA2536B}"
EndProject
Project("{FAE04EC0-301F-11D3-BF4B-00C04F79EFBC}") = "Store.EF", "Store.EF\Store.EF.csproj", "{2BF7DC4C-50B8-4922-B0FA-631D2DFA970C}"
EndProject
Global
	GlobalSection(SolutionConfigurationPlatforms) = preSolution
		Debug|Any CPU = Debug|Any CPU
		Release|Any CPU = Release|Any CPU
	EndGlobalSection
	GlobalSection(ProjectConfigurationPlatforms) = postSolution
		{40633B8D-0908-4365-88BA-FE55A9932FE6}.Debug|Any CPU.ActiveCfg = Debug|Any CPU
		{40633B8D-0908-4365-88BA-FE55A9932FE6}.Debug|Any CPU.Build.0 = Debug|Any CPU
		{40633B8D-0908-4365-88BA-FE55A9932FE6}.Release|Any CPU.ActiveCfg = Release|Any CPU
		{40633B8D-0908-4365-88BA-FE55A9932FE6}.Release|Any CPU.Build.0 = Release|Any CPU
		{C5600A86-6611-406D-906E-564ACA98E115}.Debug|Any CPU.ActiveCfg = Debug|Any CPU
		{C5600A86-6611-406D-906E-564ACA98E115}.Debug|Any CPU.Build.0 = Debug|Any CPU
		{C5600A86-6611-406D-906E-564ACA98E115}.Release|Any CPU.ActiveCfg = Release|Any CPU
		{C5600A86-6611-406D-906E-564ACA98E115}.Release|Any CPU.Build.0 = Release|Any CPU
		{F1D4D4F5-F326-4D16-AE73-B12EDDA2536B}.Debug|Any CPU.ActiveCfg = Debug|Any CPU
		{F1D4D4F5-F326-4D16-AE73-B12EDDA2536B}.Debug|Any CPU.Build.0 = Debug|Any CPU
		{F1D4D4F5-F326-4D16-AE73-B12EDDA2536B}.Release|Any CPU.ActiveCfg = Release|Any CPU
		{F1D4D4F5-F326-4D16-AE73-B12EDDA2536B}.Release|Any CPU.Build.0 = Release|Any CPU
		{2BF7DC4C-50B8-4922-B0FA-631D2DFA970C}.Debug|Any CPU.ActiveCfg = Debug|Any CPU
		{2BF7DC4C-50B8-4922-B0FA-631D2DFA970C}.Debug|Any CPU.Build.0 = Debug|Any CPU
		{2BF7DC4C-50B8-4922-B0FA-631D2DFA970C}.Release|Any CPU.ActiveCfg = Release|Any CPU
		{2BF7DC4C-50B8-4922-B0FA-631D2DFA970C}.Release|Any CPU.Build.0 = Release|Any CPU
	EndGlobalSection
	GlobalSection(SolutionProperties) = preSolution
		HideSolutionNode = FALSE
	EndGlobalSection
	GlobalSection(ExtensibilityGlobals) = postSolution
		SolutionGuid = {358F5D46-636A-4AD9-B7CF-2205743039E1}
	EndGlobalSection
EndGlobal
